// !$*UTF8*$!
{
	archiveVersion = 1;
	classes = {
	};
	objectVersion = 50;
	objects = {

/* Begin PBXBuildFile section */
		BA262DE325CE185B0089D1DF /* NextViewController.swift in Sources */ = {isa = PBXBuildFile; fileRef = BA262DE225CE185B0089D1DF /* NextViewController.swift */; };
		BA65179125C4BEB6001BEDE3 /* AppDelegate.swift in Sources */ = {isa = PBXBuildFile; fileRef = BA65179025C4BEB6001BEDE3 /* AppDelegate.swift */; };
		BA65179325C4BEB6001BEDE3 /* SceneDelegate.swift in Sources */ = {isa = PBXBuildFile; fileRef = BA65179225C4BEB6001BEDE3 /* SceneDelegate.swift */; };
		BA65179525C4BEB6001BEDE3 /* ViewController.swift in Sources */ = {isa = PBXBuildFile; fileRef = BA65179425C4BEB6001BEDE3 /* ViewController.swift */; };
		BA65179825C4BEB6001BEDE3 /* Main.storyboard in Resources */ = {isa = PBXBuildFile; fileRef = BA65179625C4BEB6001BEDE3 /* Main.storyboard */; };
		BA65179A25C4BEB7001BEDE3 /* Assets.xcassets in Resources */ = {isa = PBXBuildFile; fileRef = BA65179925C4BEB7001BEDE3 /* Assets.xcassets */; };
		BA65179D25C4BEB7001BEDE3 /* LaunchScreen.storyboard in Resources */ = {isa = PBXBuildFile; fileRef = BA65179B25C4BEB7001BEDE3 /* LaunchScreen.storyboard */; };
		BACCC39825D10A2F0021202C /* BomViewController.swift in Sources */ = {isa = PBXBuildFile; fileRef = BACCC39725D10A2F0021202C /* BomViewController.swift */; };
		BAEA649225D13E110000D1AC /* MenuViewController.swift in Sources */ = {isa = PBXBuildFile; fileRef = BAEA649125D13E110000D1AC /* MenuViewController.swift */; };
/* End PBXBuildFile section */

/* Begin PBXFileReference section */
		BA262DE225CE185B0089D1DF /* NextViewController.swift */ = {isa = PBXFileReference; lastKnownFileType = sourcecode.swift; path = NextViewController.swift; sourceTree = "<group>"; };
		BA65178D25C4BEB6001BEDE3 /* Swift5Janken.app */ = {isa = PBXFileReference; explicitFileType = wrapper.application; includeInIndex = 0; path = Swift5Janken.app; sourceTree = BUILT_PRODUCTS_DIR; };
		BA65179025C4BEB6001BEDE3 /* AppDelegate.swift */ = {isa = PBXFileReference; lastKnownFileType = sourcecode.swift; path = AppDelegate.swift; sourceTree = "<group>"; };
		BA65179225C4BEB6001BEDE3 /* SceneDelegate.swift */ = {isa = PBXFileReference; lastKnownFileType = sourcecode.swift; path = SceneDelegate.swift; sourceTree = "<group>"; };
		BA65179425C4BEB6001BEDE3 /* ViewController.swift */ = {isa = PBXFileReference; lastKnownFileType = sourcecode.swift; path = ViewController.swift; sourceTree = "<group>"; };
		BA65179725C4BEB6001BEDE3 /* Base */ = {isa = PBXFileReference; lastKnownFileType = file.storyboard; name = Base; path = Base.lproj/Main.storyboard; sourceTree = "<group>"; };
		BA65179925C4BEB7001BEDE3 /* Assets.xcassets */ = {isa = PBXFileReference; lastKnownFileType = folder.assetcatalog; path = Assets.xcassets; sourceTree = "<group>"; };
		BA65179C25C4BEB7001BEDE3 /* Base */ = {isa = PBXFileReference; lastKnownFileType = file.storyboard; name = Base; path = Base.lproj/LaunchScreen.storyboard; sourceTree = "<group>"; };
		BA65179E25C4BEB7001BEDE3 /* Info.plist */ = {isa = PBXFileReference; lastKnownFileType = text.plist.xml; path = Info.plist; sourceTree = "<group>"; };
		BACCC39725D10A2F0021202C /* BomViewController.swift */ = {isa = PBXFileReference; lastKnownFileType = sourcecode.swift; path = BomViewController.swift; sourceTree = "<group>"; };
		BAEA649125D13E110000D1AC /* MenuViewController.swift */ = {isa = PBXFileReference; lastKnownFileType = sourcecode.swift; path = MenuViewController.swift; sourceTree = "<group>"; };
/* End PBXFileReference section */

/* Begin PBXFrameworksBuildPhase section */
		BA65178A25C4BEB6001BEDE3 /* Frameworks */ = {
			isa = PBXFrameworksBuildPhase;
			buildActionMask = 2147483647;
			files = (
			);
			runOnlyForDeploymentPostprocessing = 0;
		};
/* End PBXFrameworksBuildPhase section */

/* Begin PBXGroup section */
		BA65178425C4BEB6001BEDE3 = {
			isa = PBXGroup;
			children = (
				BA65178F25C4BEB6001BEDE3 /* Swift5Janken */,
				BA65178E25C4BEB6001BEDE3 /* Products */,
			);
			sourceTree = "<group>";
		};
		BA65178E25C4BEB6001BEDE3 /* Products */ = {
			isa = PBXGroup;
			children = (
				BA65178D25C4BEB6001BEDE3 /* Swift5Janken.app */,
			);
			name = Products;
			sourceTree = "<group>";
		};
		BA65178F25C4BEB6001BEDE3 /* Swift5Janken */ = {
			isa = PBXGroup;
			children = (
				BA65179025C4BEB6001BEDE3 /* AppDelegate.swift */,
				BA65179225C4BEB6001BEDE3 /* SceneDelegate.swift */,
				BA65179425C4BEB6001BEDE3 /* ViewController.swift */,
				BA262DE225CE185B0089D1DF /* NextViewController.swift */,
				BACCC39725D10A2F0021202C /* BomViewController.swift */,
				BAEA649125D13E110000D1AC /* MenuViewController.swift */,
				BA65179625C4BEB6001BEDE3 /* Main.storyboard */,
				BA65179925C4BEB7001BEDE3 /* Assets.xcassets */,
				BA65179B25C4BEB7001BEDE3 /* LaunchScreen.storyboard */,
				BA65179E25C4BEB7001BEDE3 /* Info.plist */,
			);
			path = Swift5Janken;
			sourceTree = "<group>";
		};
/* End PBXGroup section */

/* Begin PBXNativeTarget section */
		BA65178C25C4BEB6001BEDE3 /* Swift5Janken */ = {
			isa = PBXNativeTarget;
			buildConfigurationList = BA6517A125C4BEB7001BEDE3 /* Build configuration list for PBXNativeTarget "Swift5Janken" */;
			buildPhases = (
				BA65178925C4BEB6001BEDE3 /* Sources */,
				BA65178A25C4BEB6001BEDE3 /* Frameworks */,
				BA65178B25C4BEB6001BEDE3 /* Resources */,
			);
			buildRules = (
			);
			dependencies = (
			);
			name = Swift5Janken;
			productName = Swift5Janken;
			productReference = BA65178D25C4BEB6001BEDE3 /* Swift5Janken.app */;
			productType = "com.apple.product-type.application";
		};
/* End PBXNativeTarget section */

/* Begin PBXProject section */
		BA65178525C4BEB6001BEDE3 /* Project object */ = {
			isa = PBXProject;
			attributes = {
				LastSwiftUpdateCheck = 1240;
				LastUpgradeCheck = 1240;
				TargetAttributes = {
					BA65178C25C4BEB6001BEDE3 = {
						CreatedOnToolsVersion = 12.4;
					};
				};
			};
			buildConfigurationList = BA65178825C4BEB6001BEDE3 /* Build configuration list for PBXProject "Swift5Janken" */;
			compatibilityVersion = "Xcode 9.3";
			developmentRegion = en;
			hasScannedForEncodings = 0;
			knownRegions = (
				en,
				Base,
			);
			mainGroup = BA65178425C4BEB6001BEDE3;
			productRefGroup = BA65178E25C4BEB6001BEDE3 /* Products */;
			projectDirPath = "";
			projectRoot = "";
			targets = (
				BA65178C25C4BEB6001BEDE3 /* Swift5Janken */,
			);
		};
/* End PBXProject section */

/* Begin PBXResourcesBuildPhase section */
		BA65178B25C4BEB6001BEDE3 /* Resources */ = {
			isa = PBXResourcesBuildPhase;
			buildActionMask = 2147483647;
			files = (
				BA65179D25C4BEB7001BEDE3 /* LaunchScreen.storyboard in Resources */,
				BA65179A25C4BEB7001BEDE3 /* Assets.xcassets in Resources */,
				BA65179825C4BEB6001BEDE3 /* Main.storyboard in Resources */,
			);
			runOnlyForDeploymentPostprocessing = 0;
		};
/* End PBXResourcesBuildPhase section */

/* Begin PBXSourcesBuildPhase section */
		BA65178925C4BEB6001BEDE3 /* Sources */ = {
			isa = PBXSourcesBuildPhase;
			buildActionMask = 2147483647;
			files = (
				BA65179525C4BEB6001BEDE3 /* ViewController.swift in Sources */,
				BAEA649225D13E110000D1AC /* MenuViewController.swift in Sources */,
				BA262DE325CE185B0089D1DF /* NextViewController.swift in Sources */,
				BA65179125C4BEB6001BEDE3 /* AppDelegate.swift in Sources */,
				BACCC39825D10A2F0021202C /* BomViewController.swift in Sources */,
				BA65179325C4BEB6001BEDE3 /* SceneDelegate.swift in Sources */,
			);
			runOnlyForDeploymentPostprocessing = 0;
		};
/* End PBXSourcesBuildPhase section */

/* Begin PBXVariantGroup section */
		BA65179625C4BEB6001BEDE3 /* Main.storyboard */ = {
			isa = PBXVariantGroup;
			children = (
				BA65179725C4BEB6001BEDE3 /* Base */,
			);
			name = Main.storyboard;
			sourceTree = "<group>";
		};
		BA65179B25C4BEB7001BEDE3 /* LaunchScreen.storyboard */ = {
			isa = PBXVariantGroup;
			children = (
				BA65179C25C4BEB7001BEDE3 /* Base */,
			);
			name = LaunchScreen.storyboard;
			sourceTree = "<group>";
		};
/* End PBXVariantGroup section */

/* Begin XCBuildConfiguration section */
		BA65179F25C4BEB7001BEDE3 /* Debug */ = {
			isa = XCBuildConfiguration;
			buildSettings = {
				ALWAYS_SEARCH_USER_PATHS = NO;
				CLANG_ANALYZER_NONNULL = YES;
				CLANG_ANALYZER_NUMBER_OBJECT_CONVERSION = YES_AGGRESSIVE;
				CLANG_CXX_LANGUAGE_STANDARD = "gnu++14";
				CLANG_CXX_LIBRARY = "libc++";
				CLANG_ENABLE_MODULES = YES;
				CLANG_ENABLE_OBJC_ARC = YES;
				CLANG_ENABLE_OBJC_WEAK = YES;
				CLANG_WARN_BLOCK_CAPTURE_AUTORELEASING = YES;
				CLANG_WARN_BOOL_CONVERSION = YES;
				CLANG_WARN_COMMA = YES;
				CLANG_WARN_CONSTANT_CONVERSION = YES;
				CLANG_WARN_DEPRECATED_OBJC_IMPLEMENTATIONS = YES;
				CLANG_WARN_DIRECT_OBJC_ISA_USAGE = YES_ERROR;
				CLANG_WARN_DOCUMENTATION_COMMENTS = YES;
				CLANG_WARN_EMPTY_BODY = YES;
				CLANG_WARN_ENUM_CONVERSION = YES;
				CLANG_WARN_INFINITE_RECURSION = YES;
				CLANG_WARN_INT_CONVERSION = YES;
				CLANG_WARN_NON_LITERAL_NULL_CONVERSION = YES;
				CLANG_WARN_OBJC_IMPLICIT_RETAIN_SELF = YES;
				CLANG_WARN_OBJC_LITERAL_CONVERSION = YES;
				CLANG_WARN_OBJC_ROOT_CLASS = YES_ERROR;
				CLANG_WARN_QUOTED_INCLUDE_IN_FRAMEWORK_HEADER = YES;
				CLANG_WARN_RANGE_LOOP_ANALYSIS = YES;
				CLANG_WARN_STRICT_PROTOTYPES = YES;
				CLANG_WARN_SUSPICIOUS_MOVE = YES;
				CLANG_WARN_UNGUARDED_AVAILABILITY = YES_AGGRESSIVE;
				CLANG_WARN_UNREACHABLE_CODE = YES;
				CLANG_WARN__DUPLICATE_METHOD_MATCH = YES;
				COPY_PHASE_STRIP = NO;
				DEBUG_INFORMATION_FORMAT = dwarf;
				ENABLE_STRICT_OBJC_MSGSEND = YES;
				ENABLE_TESTABILITY = YES;
				GCC_C_LANGUAGE_STANDARD = gnu11;
				GCC_DYNAMIC_NO_PIC = NO;
				GCC_NO_COMMON_BLOCKS = YES;
				GCC_OPTIMIZATION_LEVEL = 0;
				GCC_PREPROCESSOR_DEFINITIONS = (
					"DEBUG=1",
					"$(inherited)",
				);
				GCC_WARN_64_TO_32_BIT_CONVERSION = YES;
				GCC_WARN_ABOUT_RETURN_TYPE = YES_ERROR;
				GCC_WARN_UNDECLARED_SELECTOR = YES;
				GCC_WARN_UNINITIALIZED_AUTOS = YES_AGGRESSIVE;
				GCC_WARN_UNUSED_FUNCTION = YES;
				GCC_WARN_UNUSED_VARIABLE = YES;
				IPHONEOS_DEPLOYMENT_TARGET = 14.4;
				MTL_ENABLE_DEBUG_INFO = INCLUDE_SOURCE;
				MTL_FAST_MATH = YES;
				ONLY_ACTIVE_ARCH = YES;
				SDKROOT = iphoneos;
				SWIFT_ACTIVE_COMPILATION_CONDITIONS = DEBUG;
				SWIFT_OPTIMIZATION_LEVEL = "-Onone";
			};
			name = Debug;
		};
		BA6517A025C4BEB7001BEDE3 /* Release */ = {
			isa = XCBuildConfiguration;
			buildSettings = {
				ALWAYS_SEARCH_USER_PATHS = NO;
				CLANG_ANALYZER_NONNULL = YES;
				CLANG_ANALYZER_NUMBER_OBJECT_CONVERSION = YES_AGGRESSIVE;
				CLANG_CXX_LANGUAGE_STANDARD = "gnu++14";
				CLANG_CXX_LIBRARY = "libc++";
				CLANG_ENABLE_MODULES = YES;
				CLANG_ENABLE_OBJC_ARC = YES;
				CLANG_ENABLE_OBJC_WEAK = YES;
				CLANG_WARN_BLOCK_CAPTURE_AUTORELEASING = YES;
				CLANG_WARN_BOOL_CONVERSION = YES;
				CLANG_WARN_COMMA = YES;
				CLANG_WARN_CONSTANT_CONVERSION = YES;
				CLANG_WARN_DEPRECATED_OBJC_IMPLEMENTATIONS = YES;
				CLANG_WARN_DIRECT_OBJC_ISA_USAGE = YES_ERROR;
				CLANG_WARN_DOCUMENTATION_COMMENTS = YES;
				CLANG_WARN_EMPTY_BODY = YES;
				CLANG_WARN_ENUM_CONVERSION = YES;
				CLANG_WARN_INFINITE_RECURSION = YES;
				CLANG_WARN_INT_CONVERSION = YES;
				CLANG_WARN_NON_LITERAL_NULL_CONVERSION = YES;
				CLANG_WARN_OBJC_IMPLICIT_RETAIN_SELF = YES;
				CLANG_WARN_OBJC_LITERAL_CONVERSION = YES;
				CLANG_WARN_OBJC_ROOT_CLASS = YES_ERROR;
				CLANG_WARN_QUOTED_INCLUDE_IN_FRAMEWORK_HEADER = YES;
				CLANG_WARN_RANGE_LOOP_ANALYSIS = YES;
				CLANG_WARN_STRICT_PROTOTYPES = YES;
				CLANG_WARN_SUSPICIOUS_MOVE = YES;
				CLANG_WARN_UNGUARDED_AVAILABILITY = YES_AGGRESSIVE;
				CLANG_WARN_UNREACHABLE_CODE = YES;
				CLANG_WARN__DUPLICATE_METHOD_MATCH = YES;
				COPY_PHASE_STRIP = NO;
				DEBUG_INFORMATION_FORMAT = "dwarf-with-dsym";
				ENABLE_NS_ASSERTIONS = NO;
				ENABLE_STRICT_OBJC_MSGSEND = YES;
				GCC_C_LANGUAGE_STANDARD = gnu11;
				GCC_NO_COMMON_BLOCKS = YES;
				GCC_WARN_64_TO_32_BIT_CONVERSION = YES;
				GCC_WARN_ABOUT_RETURN_TYPE = YES_ERROR;
				GCC_WARN_UNDECLARED_SELECTOR = YES;
				GCC_WARN_UNINITIALIZED_AUTOS = YES_AGGRESSIVE;
				GCC_WARN_UNUSED_FUNCTION = YES;
				GCC_WARN_UNUSED_VARIABLE = YES;
				IPHONEOS_DEPLOYMENT_TARGET = 14.4;
				MTL_ENABLE_DEBUG_INFO = NO;
				MTL_FAST_MATH = YES;
				SDKROOT = iphoneos;
				SWIFT_COMPILATION_MODE = wholemodule;
				SWIFT_OPTIMIZATION_LEVEL = "-O";
				VALIDATE_PRODUCT = YES;
			};
			name = Release;
		};
		BA6517A225C4BEB7001BEDE3 /* Debug */ = {
			isa = XCBuildConfiguration;
			buildSettings = {
				ASSETCATALOG_COMPILER_APPICON_NAME = AppIcon;
				ASSETCATALOG_COMPILER_GLOBAL_ACCENT_COLOR_NAME = AccentColor;
				CODE_SIGN_IDENTITY = "Apple Development";
				CODE_SIGN_STYLE = Automatic;
				DEVELOPMENT_TEAM = 8ARG4D8LX2;
				INFOPLIST_FILE = Swift5Janken/Info.plist;
				IPHONEOS_DEPLOYMENT_TARGET = 14.4;
				LD_RUNPATH_SEARCH_PATHS = (
					"$(inherited)",
					"@executable_path/Frameworks",
				);
				PRODUCT_BUNDLE_IDENTIFIER = com.shouhei.Swift5Janken;
				PRODUCT_NAME = "$(TARGET_NAME)";
				PROVISIONING_PROFILE_SPECIFIER = "";
				SWIFT_VERSION = 5.0;
				TARGETED_DEVICE_FAMILY = 1;
			};
			name = Debug;
		};
		BA6517A325C4BEB7001BEDE3 /* Release */ = {
			isa = XCBuildConfiguration;
			buildSettings = {
				ASSETCATALOG_COMPILER_APPICON_NAME = AppIcon;
				ASSETCATALOG_COMPILER_GLOBAL_ACCENT_COLOR_NAME = AccentColor;
				CODE_SIGN_IDENTITY = "Apple Development";
				CODE_SIGN_STYLE = Automatic;
				DEVELOPMENT_TEAM = 8ARG4D8LX2;
				INFOPLIST_FILE = Swift5Janken/Info.plist;
				IPHONEOS_DEPLOYMENT_TARGET = 14.4;
				LD_RUNPATH_SEARCH_PATHS = (
					"$(inherited)",
					"@executable_path/Frameworks",
				);
				PRODUCT_BUNDLE_IDENTIFIER = com.shouhei.Swift5Janken;
				PRODUCT_NAME = "$(TARGET_NAME)";
				PROVISIONING_PROFILE_SPECIFIER = "";
				SWIFT_VERSION = 5.0;
				TARGETED_DEVICE_FAMILY = 1;
			};
			name = Release;
		};
/* End XCBuildConfiguration section */

/* Begin XCConfigurationList section */
		BA65178825C4BEB6001BEDE3 /* Build configuration list for PBXProject "Swift5Janken" */ = {
			isa = XCConfigurationList;
			buildConfigurations = (
				BA65179F25C4BEB7001BEDE3 /* Debug */,
				BA6517A025C4BEB7001BEDE3 /* Release */,
			);
			defaultConfigurationIsVisible = 0;
			defaultConfigurationName = Release;
		};
		BA6517A125C4BEB7001BEDE3 /* Build configuration list for PBXNativeTarget "Swift5Janken" */ = {
			isa = XCConfigurationList;
			buildConfigurations = (
				BA6517A225C4BEB7001BEDE3 /* Debug */,
				BA6517A325C4BEB7001BEDE3 /* Release */,
			);
			defaultConfigurationIsVisible = 0;
			defaultConfigurationName = Release;
		};
/* End XCConfigurationList section */
	};
	rootObject = BA65178525C4BEB6001BEDE3 /* Project object */;
}
